
Microsoft Visual Studio Solution File, Format Version 12.00
# Visual Studio 15
VisualStudioVersion = 15.0.27130.2010
MinimumVisualStudioVersion = 10.0.40219.1
Project("{9A19103F-16F7-4668-BE54-9A1E7A4F7556}") = "Try.Xml.Console", "src\Try.Xml.Console\Try.Xml.Console.csproj", "{08E2625A-4871-4D00-988A-9D7227F68593}"
EndProject
Global
	GlobalSection(SolutionConfigurationPlatforms) = preSolution
		Debug|Any CPU = Debug|Any CPU
		Debug|Mixed Platforms = Debug|Mixed Platforms
		Debug|x86 = Debug|x86
		Release|Any CPU = Release|Any CPU
		Release|Mixed Platforms = Release|Mixed Platforms
		Release|x86 = Release|x86
	EndGlobalSection
	GlobalSection(ProjectConfigurationPlatforms) = postSolution
		{08E2625A-4871-4D00-988A-9D7227F68593}.Debug|Any CPU.ActiveCfg = Debug|Any CPU
		{08E2625A-4871-4D00-988A-9D7227F68593}.Debug|Any CPU.Build.0 = Debug|Any CPU
		{08E2625A-4871-4D00-988A-9D7227F68593}.Debug|Mixed Platforms.ActiveCfg = Debug|Any CPU
		{08E2625A-4871-4D00-988A-9D7227F68593}.Debug|Mixed Platforms.Build.0 = Debug|Any CPU
		{08E2625A-4871-4D00-988A-9D7227F68593}.Debug|x86.ActiveCfg = Debug|Any CPU
		{08E2625A-4871-4D00-988A-9D7227F68593}.Debug|x86.Build.0 = Debug|Any CPU
		{08E2625A-4871-4D00-988A-9D7227F68593}.Release|Any CPU.ActiveCfg = Release|Any CPU
		{08E2625A-4871-4D00-988A-9D7227F68593}.Release|Any CPU.Build.0 = Release|Any CPU
		{08E2625A-4871-4D00-988A-9D7227F68593}.Release|Mixed Platforms.ActiveCfg = Release|Any CPU
		{08E2625A-4871-4D00-988A-9D7227F68593}.Release|Mixed Platforms.Build.0 = Release|Any CPU
		{08E2625A-4871-4D00-988A-9D7227F68593}.Release|x86.ActiveCfg = Release|Any CPU
		{08E2625A-4871-4D00-988A-9D7227F68593}.Release|x86.Build.0 = Release|Any CPU
	EndGlobalSection
	GlobalSection(SolutionProperties) = preSolution
		HideSolutionNode = FALSE
	EndGlobalSection
	GlobalSection(ExtensibilityGlobals) = postSolution
		SolutionGuid = {A3F5D5EF-8766-44E4-926F-76F72ACF9FC3}
	EndGlobalSection
EndGlobal
